{
  "name": "githubcheck",
  "version": "1.0.0",
  "lockfileVersion": 2,
  "requires": true,
  "packages": {
    "": {
      "name": "githubcheck",
      "version": "1.0.0",
      "license": "ISC",
      "dependencies": {
        "fast-xml-parser": "^5.0.6",
        "lodash": "^4.17.16"
      }
    },
    "node_modules/fast-xml-parser": {
      "version": "5.0.6",
      "resolved": "https://registry.npmjs.org/fast-xml-parser/-/fast-xml-parser-5.0.6.tgz",
      "integrity": "sha512-5zIl0jWsewL5LdneswG6aJXx1YH1FXQ02UVIe/CZI3wXhI3SqP62bjcIYRNOgU43/MnN1t/MCpH6UoOtBrDNug==",
      "funding": [
        {
          "type": "github",
          "url": "https://github.com/sponsors/NaturalIntelligence"
        }
      ],
      "license": "MIT",
      "dependencies": {
        "strnum": "^2.0.4"
      },
      "bin": {
        "fxparser": "src/cli/cli.js"
      }
    },
    "node_modules/lodash": {
      "version": "4.17.16",
      "resolved": "https://registry.npmjs.org/lodash/-/lodash-4.17.16.tgz",
      "integrity": "sha512-mzxOTaU4AsJhnIujhngm+OnA6JX4fTI8D5H26wwGd+BJ57bW70oyRwTqo6EFJm1jTZ7hCo7yVzH1vB8TMFd2ww=="
    },
    "node_modules/strnum": {
      "version": "2.0.4",
      "resolved": "https://registry.npmjs.org/strnum/-/strnum-2.0.4.tgz",
      "integrity": "sha512-qrXhLMohxtEPKMlajtNaOp5zvAQUo6L3fNcdiJKzWH98kGfklqGwmxhFjM7DzxsuoVM7rJeiYr+lEcu4Jlu9UQ==",
      "funding": [
        {
          "type": "github",
          "url": "https://github.com/sponsors/NaturalIntelligence"
        }
      ],
      "license": "MIT"
    }
  },
  "dependencies": {
    "fast-xml-parser": {
      "version": "5.0.6",
      "resolved": "https://registry.npmjs.org/fast-xml-parser/-/fast-xml-parser-5.0.6.tgz",
      "integrity": "sha512-5zIl0jWsewL5LdneswG6aJXx1YH1FXQ02UVIe/CZI3wXhI3SqP62bjcIYRNOgU43/MnN1t/MCpH6UoOtBrDNug==",
      "requires": {
        "strnum": "^2.0.4"
      }
    },
    "lodash": {
      "version": "4.17.16",
      "resolved": "https://registry.npmjs.org/lodash/-/lodash-4.17.16.tgz",
      "integrity": "sha512-mzxOTaU4AsJhnIujhngm+OnA6JX4fTI8D5H26wwGd+BJ57bW70oyRwTqo6EFJm1jTZ7hCo7yVzH1vB8TMFd2ww=="
    },
    "strnum": {
      "version": "2.0.4",
      "resolved": "https://registry.npmjs.org/strnum/-/strnum-2.0.4.tgz",
      "integrity": "sha512-qrXhLMohxtEPKMlajtNaOp5zvAQUo6L3fNcdiJKzWH98kGfklqGwmxhFjM7DzxsuoVM7rJeiYr+lEcu4Jlu9UQ=="
    }
  }
}
